
Microsoft Visual Studio Solution File, Format Version 12.00
# Visual Studio 15
VisualStudioVersion = 15.0.27428.2037
MinimumVisualStudioVersion = 10.0.40219.1
Project("{FAE04EC0-301F-11D3-BF4B-00C04F79EFBC}") = "Samples.Droid", "Samples\Samples.Droid\Samples.Droid.csproj", "{0C3755FE-883E-40A6-82F2-198F7491EFBE}"
EndProject
Project("{FAE04EC0-301F-11D3-BF4B-00C04F79EFBC}") = "Samples.iOS", "Samples\Samples.iOS\Samples.iOS.csproj", "{D069FE9C-8598-4AB3-BD51-A313888CD94F}"
EndProject
Project("{FAE04EC0-301F-11D3-BF4B-00C04F79EFBC}") = "Samples.UWP", "Samples\Samples.UWP\Samples.UWP.csproj", "{41AAD564-2E60-475B-B1EC-3D8B20635FDF}"
EndProject
Project("{9A19103F-16F7-4668-BE54-9A1E7A4F7556}") = "Samples", "Samples\Samples\Samples.csproj", "{866E3160-9944-4434-A82B-AC08D16CFE6A}"
EndProject
Project("{FAE04EC0-301F-11D3-BF4B-00C04F79EFBC}") = "Samples.Gtk2", "Samples\Samples.Gtk2\Samples.Gtk2.csproj", "{3756ACFE-AEE1-4F90-811A-A4F392312CBA}"
EndProject
Project("{2150E333-8FDC-42A3-9474-1A3956D46DE8}") = "Dependencies", "Dependencies", "{35C546F9-26F5-48F6-BCBF-CCFB4711D301}"
EndProject
Project("{9A19103F-16F7-4668-BE54-9A1E7A4F7556}") = "SkiaForms", "..\src\SkiaForms\SkiaForms.csproj", "{B987D038-0F14-45FC-9538-D5A95CBF90F6}"
EndProject
Project("{FAE04EC0-301F-11D3-BF4B-00C04F79EFBC}") = "SkiaForms.Droid", "..\src\SkiaForms.Droid\SkiaForms.Droid.csproj", "{6E74314E-4325-4550-B3E3-68DCF3AE72FE}"
EndProject
Project("{FAE04EC0-301F-11D3-BF4B-00C04F79EFBC}") = "SkiaForms.iOS", "..\src\SkiaForms.iOS\SkiaForms.iOS.csproj", "{80E54895-00A2-47CB-ADFA-2137505D7877}"
EndProject
Project("{FAE04EC0-301F-11D3-BF4B-00C04F79EFBC}") = "SkiaForms.UWP", "..\src\SkiaForms.UWP\SkiaForms.UWP.csproj", "{357DD70E-D91F-422B-AC43-84A9AFE0130A}"
EndProject
Project("{FAE04EC0-301F-11D3-BF4B-00C04F79EFBC}") = "SkiaForms.Gtk2", "..\src\SkiaForms.Gtk2\SkiaForms.Gtk2.csproj", "{B58AFA56-CAAF-4377-A85F-215BA36ED1AA}"
EndProject
Project("{FAE04EC0-301F-11D3-BF4B-00C04F79EFBC}") = "SkiaForms.macOS", "..\src\SkiaForms.macOS\SkiaForms.macOS.csproj", "{C5C64F7E-6412-4A27-84FB-9A70EDFEB768}"
EndProject
Project("{FAE04EC0-301F-11D3-BF4B-00C04F79EFBC}") = "Samples.macOS", "Samples\Samples.macOS\Samples.macOS.csproj", "{74459F54-B881-45CC-8DD3-C219A30272A8}"
EndProject
Global
	GlobalSection(SolutionConfigurationPlatforms) = preSolution
		Ad-Hoc|Any CPU = Ad-Hoc|Any CPU
		Ad-Hoc|ARM = Ad-Hoc|ARM
		Ad-Hoc|iPhone = Ad-Hoc|iPhone
		Ad-Hoc|iPhoneSimulator = Ad-Hoc|iPhoneSimulator
		Ad-Hoc|x64 = Ad-Hoc|x64
		Ad-Hoc|x86 = Ad-Hoc|x86
		AppStore|Any CPU = AppStore|Any CPU
		AppStore|ARM = AppStore|ARM
		AppStore|iPhone = AppStore|iPhone
		AppStore|iPhoneSimulator = AppStore|iPhoneSimulator
		AppStore|x64 = AppStore|x64
		AppStore|x86 = AppStore|x86
		Debug|Any CPU = Debug|Any CPU
		Debug|ARM = Debug|ARM
		Debug|iPhone = Debug|iPhone
		Debug|iPhoneSimulator = Debug|iPhoneSimulator
		Debug|x64 = Debug|x64
		Debug|x86 = Debug|x86
		Release|Any CPU = Release|Any CPU
		Release|ARM = Release|ARM
		Release|iPhone = Release|iPhone
		Release|iPhoneSimulator = Release|iPhoneSimulator
		Release|x64 = Release|x64
		Release|x86 = Release|x86
	EndGlobalSection
	GlobalSection(ProjectConfigurationPlatforms) = postSolution
		{0C3755FE-883E-40A6-82F2-198F7491EFBE}.Ad-Hoc|Any CPU.ActiveCfg = Release|Any CPU
		{0C3755FE-883E-40A6-82F2-198F7491EFBE}.Ad-Hoc|Any CPU.Build.0 = Release|Any CPU
		{0C3755FE-883E-40A6-82F2-198F7491EFBE}.Ad-Hoc|Any CPU.Deploy.0 = Release|Any CPU
		{0C3755FE-883E-40A6-82F2-198F7491EFBE}.Ad-Hoc|ARM.ActiveCfg = Release|Any CPU
		{0C3755FE-883E-40A6-82F2-198F7491EFBE}.Ad-Hoc|ARM.Build.0 = Release|Any CPU
		{0C3755FE-883E-40A6-82F2-198F7491EFBE}.Ad-Hoc|ARM.Deploy.0 = Release|Any CPU
		{0C3755FE-883E-40A6-82F2-198F7491EFBE}.Ad-Hoc|iPhone.ActiveCfg = Release|Any CPU
		{0C3755FE-883E-40A6-82F2-198F7491EFBE}.Ad-Hoc|iPhone.Build.0 = Release|Any CPU
		{0C3755FE-883E-40A6-82F2-198F7491EFBE}.Ad-Hoc|iPhone.Deploy.0 = Release|Any CPU
		{0C3755FE-883E-40A6-82F2-198F7491EFBE}.Ad-Hoc|iPhoneSimulator.ActiveCfg = Release|Any CPU
		{0C3755FE-883E-40A6-82F2-198F7491EFBE}.Ad-Hoc|iPhoneSimulator.Build.0 = Release|Any CPU
		{0C3755FE-883E-40A6-82F2-198F7491EFBE}.Ad-Hoc|iPhoneSimulator.Deploy.0 = Release|Any CPU
		{0C3755FE-883E-40A6-82F2-198F7491EFBE}.Ad-Hoc|x64.ActiveCfg = Release|Any CPU
		{0C3755FE-883E-40A6-82F2-198F7491EFBE}.Ad-Hoc|x64.Build.0 = Release|Any CPU
		{0C3755FE-883E-40A6-82F2-198F7491EFBE}.Ad-Hoc|x64.Deploy.0 = Release|Any CPU
		{0C3755FE-883E-40A6-82F2-198F7491EFBE}.Ad-Hoc|x86.ActiveCfg = Release|Any CPU
		{0C3755FE-883E-40A6-82F2-198F7491EFBE}.Ad-Hoc|x86.Build.0 = Release|Any CPU
		{0C3755FE-883E-40A6-82F2-198F7491EFBE}.Ad-Hoc|x86.Deploy.0 = Release|Any CPU
		{0C3755FE-883E-40A6-82F2-198F7491EFBE}.AppStore|Any CPU.ActiveCfg = Release|Any CPU
		{0C3755FE-883E-40A6-82F2-198F7491EFBE}.AppStore|Any CPU.Build.0 = Release|Any CPU
		{0C3755FE-883E-40A6-82F2-198F7491EFBE}.AppStore|Any CPU.Deploy.0 = Release|Any CPU
		{0C3755FE-883E-40A6-82F2-198F7491EFBE}.AppStore|ARM.ActiveCfg = Release|Any CPU
		{0C3755FE-883E-40A6-82F2-198F7491EFBE}.AppStore|ARM.Build.0 = Release|Any CPU
		{0C3755FE-883E-40A6-82F2-198F7491EFBE}.AppStore|ARM.Deploy.0 = Release|Any CPU
		{0C3755FE-883E-40A6-82F2-198F7491EFBE}.AppStore|iPhone.ActiveCfg = Release|Any CPU
		{0C3755FE-883E-40A6-82F2-198F7491EFBE}.AppStore|iPhone.Build.0 = Release|Any CPU
		{0C3755FE-883E-40A6-82F2-198F7491EFBE}.AppStore|iPhone.Deploy.0 = Release|Any CPU
		{0C3755FE-883E-40A6-82F2-198F7491EFBE}.AppStore|iPhoneSimulator.ActiveCfg = Release|Any CPU
		{0C3755FE-883E-40A6-82F2-198F7491EFBE}.AppStore|iPhoneSimulator.Build.0 = Release|Any CPU
		{0C3755FE-883E-40A6-82F2-198F7491EFBE}.AppStore|iPhoneSimulator.Deploy.0 = Release|Any CPU
		{0C3755FE-883E-40A6-82F2-198F7491EFBE}.AppStore|x64.ActiveCfg = Release|Any CPU
		{0C3755FE-883E-40A6-82F2-198F7491EFBE}.AppStore|x64.Build.0 = Release|Any CPU
		{0C3755FE-883E-40A6-82F2-198F7491EFBE}.AppStore|x64.Deploy.0 = Release|Any CPU
		{0C3755FE-883E-40A6-82F2-198F7491EFBE}.AppStore|x86.ActiveCfg = Release|Any CPU
		{0C3755FE-883E-40A6-82F2-198F7491EFBE}.AppStore|x86.Build.0 = Release|Any CPU
		{0C3755FE-883E-40A6-82F2-198F7491EFBE}.AppStore|x86.Deploy.0 = Release|Any CPU
		{0C3755FE-883E-40A6-82F2-198F7491EFBE}.Debug|Any CPU.ActiveCfg = Debug|Any CPU
		{0C3755FE-883E-40A6-82F2-198F7491EFBE}.Debug|Any CPU.Build.0 = Debug|Any CPU
		{0C3755FE-883E-40A6-82F2-198F7491EFBE}.Debug|Any CPU.Deploy.0 = Debug|Any CPU
		{0C3755FE-883E-40A6-82F2-198F7491EFBE}.Debug|ARM.ActiveCfg = Debug|Any CPU
		{0C3755FE-883E-40A6-82F2-198F7491EFBE}.Debug|ARM.Build.0 = Debug|Any CPU
		{0C3755FE-883E-40A6-82F2-198F7491EFBE}.Debug|ARM.Deploy.0 = Debug|Any CPU
		{0C3755FE-883E-40A6-82F2-198F7491EFBE}.Debug|iPhone.ActiveCfg = Debug|Any CPU
		{0C3755FE-883E-40A6-82F2-198F7491EFBE}.Debug|iPhone.Build.0 = Debug|Any CPU
		{0C3755FE-883E-40A6-82F2-198F7491EFBE}.Debug|iPhone.Deploy.0 = Debug|Any CPU
		{0C3755FE-883E-40A6-82F2-198F7491EFBE}.Debug|iPhoneSimulator.ActiveCfg = Debug|Any CPU
		{0C3755FE-883E-40A6-82F2-198F7491EFBE}.Debug|iPhoneSimulator.Build.0 = Debug|Any CPU
		{0C3755FE-883E-40A6-82F2-198F7491EFBE}.Debug|iPhoneSimulator.Deploy.0 = Debug|Any CPU
		{0C3755FE-883E-40A6-82F2-198F7491EFBE}.Debug|x64.ActiveCfg = Debug|Any CPU
		{0C3755FE-883E-40A6-82F2-198F7491EFBE}.Debug|x64.Build.0 = Debug|Any CPU
		{0C3755FE-883E-40A6-82F2-198F7491EFBE}.Debug|x64.Deploy.0 = Debug|Any CPU
		{0C3755FE-883E-40A6-82F2-198F7491EFBE}.Debug|x86.ActiveCfg = Debug|Any CPU
		{0C3755FE-883E-40A6-82F2-198F7491EFBE}.Debug|x86.Build.0 = Debug|Any CPU
		{0C3755FE-883E-40A6-82F2-198F7491EFBE}.Debug|x86.Deploy.0 = Debug|Any CPU
		{0C3755FE-883E-40A6-82F2-198F7491EFBE}.Release|Any CPU.ActiveCfg = Release|Any CPU
		{0C3755FE-883E-40A6-82F2-198F7491EFBE}.Release|Any CPU.Build.0 = Release|Any CPU
		{0C3755FE-883E-40A6-82F2-198F7491EFBE}.Release|Any CPU.Deploy.0 = Release|Any CPU
		{0C3755FE-883E-40A6-82F2-198F7491EFBE}.Release|ARM.ActiveCfg = Release|Any CPU
		{0C3755FE-883E-40A6-82F2-198F7491EFBE}.Release|ARM.Build.0 = Release|Any CPU
		{0C3755FE-883E-40A6-82F2-198F7491EFBE}.Release|ARM.Deploy.0 = Release|Any CPU
		{0C3755FE-883E-40A6-82F2-198F7491EFBE}.Release|iPhone.ActiveCfg = Release|Any CPU
		{0C3755FE-883E-40A6-82F2-198F7491EFBE}.Release|iPhone.Build.0 = Release|Any CPU
		{0C3755FE-883E-40A6-82F2-198F7491EFBE}.Release|iPhone.Deploy.0 = Release|Any CPU
		{0C3755FE-883E-40A6-82F2-198F7491EFBE}.Release|iPhoneSimulator.ActiveCfg = Release|Any CPU
		{0C3755FE-883E-40A6-82F2-198F7491EFBE}.Release|iPhoneSimulator.Build.0 = Release|Any CPU
		{0C3755FE-883E-40A6-82F2-198F7491EFBE}.Release|iPhoneSimulator.Deploy.0 = Release|Any CPU
		{0C3755FE-883E-40A6-82F2-198F7491EFBE}.Release|x64.ActiveCfg = Release|Any CPU
		{0C3755FE-883E-40A6-82F2-198F7491EFBE}.Release|x64.Build.0 = Release|Any CPU
		{0C3755FE-883E-40A6-82F2-198F7491EFBE}.Release|x64.Deploy.0 = Release|Any CPU
		{0C3755FE-883E-40A6-82F2-198F7491EFBE}.Release|x86.ActiveCfg = Release|Any CPU
		{0C3755FE-883E-40A6-82F2-198F7491EFBE}.Release|x86.Build.0 = Release|Any CPU
		{0C3755FE-883E-40A6-82F2-198F7491EFBE}.Release|x86.Deploy.0 = Release|Any CPU
		{D069FE9C-8598-4AB3-BD51-A313888CD94F}.Ad-Hoc|Any CPU.ActiveCfg = Ad-Hoc|iPhone
		{D069FE9C-8598-4AB3-BD51-A313888CD94F}.Ad-Hoc|ARM.ActiveCfg = Ad-Hoc|iPhone
		{D069FE9C-8598-4AB3-BD51-A313888CD94F}.Ad-Hoc|iPhone.ActiveCfg = Ad-Hoc|iPhone
		{D069FE9C-8598-4AB3-BD51-A313888CD94F}.Ad-Hoc|iPhone.Build.0 = Ad-Hoc|iPhone
		{D069FE9C-8598-4AB3-BD51-A313888CD94F}.Ad-Hoc|iPhoneSimulator.ActiveCfg = Ad-Hoc|iPhoneSimulator
		{D069FE9C-8598-4AB3-BD51-A313888CD94F}.Ad-Hoc|iPhoneSimulator.Build.0 = Ad-Hoc|iPhoneSimulator
		{D069FE9C-8598-4AB3-BD51-A313888CD94F}.Ad-Hoc|x64.ActiveCfg = Ad-Hoc|iPhone
		{D069FE9C-8598-4AB3-BD51-A313888CD94F}.Ad-Hoc|x86.ActiveCfg = Ad-Hoc|iPhone
		{D069FE9C-8598-4AB3-BD51-A313888CD94F}.AppStore|Any CPU.ActiveCfg = AppStore|iPhone
		{D069FE9C-8598-4AB3-BD51-A313888CD94F}.AppStore|ARM.ActiveCfg = AppStore|iPhone
		{D069FE9C-8598-4AB3-BD51-A313888CD94F}.AppStore|iPhone.ActiveCfg = AppStore|iPhone
		{D069FE9C-8598-4AB3-BD51-A313888CD94F}.AppStore|iPhone.Build.0 = AppStore|iPhone
		{D069FE9C-8598-4AB3-BD51-A313888CD94F}.AppStore|iPhoneSimulator.ActiveCfg = AppStore|iPhoneSimulator
		{D069FE9C-8598-4AB3-BD51-A313888CD94F}.AppStore|iPhoneSimulator.Build.0 = AppStore|iPhoneSimulator
		{D069FE9C-8598-4AB3-BD51-A313888CD94F}.AppStore|x64.ActiveCfg = AppStore|iPhone
		{D069FE9C-8598-4AB3-BD51-A313888CD94F}.AppStore|x86.ActiveCfg = AppStore|iPhone
		{D069FE9C-8598-4AB3-BD51-A313888CD94F}.Debug|Any CPU.ActiveCfg = Debug|iPhone
		{D069FE9C-8598-4AB3-BD51-A313888CD94F}.Debug|Any CPU.Build.0 = Debug|iPhone
		{D069FE9C-8598-4AB3-BD51-A313888CD94F}.Debug|ARM.ActiveCfg = Debug|iPhone
		{D069FE9C-8598-4AB3-BD51-A313888CD94F}.Debug|iPhone.ActiveCfg = Debug|iPhone
		{D069FE9C-8598-4AB3-BD51-A313888CD94F}.Debug|iPhone.Build.0 = Debug|iPhone
		{D069FE9C-8598-4AB3-BD51-A313888CD94F}.Debug|iPhoneSimulator.ActiveCfg = Debug|iPhoneSimulator
		{D069FE9C-8598-4AB3-BD51-A313888CD94F}.Debug|iPhoneSimulator.Build.0 = Debug|iPhoneSimulator
		{D069FE9C-8598-4AB3-BD51-A313888CD94F}.Debug|x64.ActiveCfg = Debug|iPhone
		{D069FE9C-8598-4AB3-BD51-A313888CD94F}.Debug|x86.ActiveCfg = Debug|iPhone
		{D069FE9C-8598-4AB3-BD51-A313888CD94F}.Release|Any CPU.ActiveCfg = Release|iPhone
		{D069FE9C-8598-4AB3-BD51-A313888CD94F}.Release|ARM.ActiveCfg = Release|iPhone
		{D069FE9C-8598-4AB3-BD51-A313888CD94F}.Release|iPhone.ActiveCfg = Release|iPhone
		{D069FE9C-8598-4AB3-BD51-A313888CD94F}.Release|iPhone.Build.0 = Release|iPhone
		{D069FE9C-8598-4AB3-BD51-A313888CD94F}.Release|iPhoneSimulator.ActiveCfg = Release|iPhoneSimulator
		{D069FE9C-8598-4AB3-BD51-A313888CD94F}.Release|iPhoneSimulator.Build.0 = Release|iPhoneSimulator
		{D069FE9C-8598-4AB3-BD51-A313888CD94F}.Release|x64.ActiveCfg = Release|iPhone
		{D069FE9C-8598-4AB3-BD51-A313888CD94F}.Release|x86.ActiveCfg = Release|iPhone
		{41AAD564-2E60-475B-B1EC-3D8B20635FDF}.Ad-Hoc|Any CPU.ActiveCfg = Release|x86
		{41AAD564-2E60-475B-B1EC-3D8B20635FDF}.Ad-Hoc|Any CPU.Build.0 = Release|x86
		{41AAD564-2E60-475B-B1EC-3D8B20635FDF}.Ad-Hoc|Any CPU.Deploy.0 = Release|x86
		{41AAD564-2E60-475B-B1EC-3D8B20635FDF}.Ad-Hoc|ARM.ActiveCfg = Release|ARM
		{41AAD564-2E60-475B-B1EC-3D8B20635FDF}.Ad-Hoc|ARM.Build.0 = Release|ARM
		{41AAD564-2E60-475B-B1EC-3D8B20635FDF}.Ad-Hoc|ARM.Deploy.0 = Release|ARM
		{41AAD564-2E60-475B-B1EC-3D8B20635FDF}.Ad-Hoc|iPhone.ActiveCfg = Release|x86
		{41AAD564-2E60-475B-B1EC-3D8B20635FDF}.Ad-Hoc|iPhone.Build.0 = Release|x86
		{41AAD564-2E60-475B-B1EC-3D8B20635FDF}.Ad-Hoc|iPhone.Deploy.0 = Release|x86
		{41AAD564-2E60-475B-B1EC-3D8B20635FDF}.Ad-Hoc|iPhoneSimulator.ActiveCfg = Release|x86
		{41AAD564-2E60-475B-B1EC-3D8B20635FDF}.Ad-Hoc|iPhoneSimulator.Build.0 = Release|x86
		{41AAD564-2E60-475B-B1EC-3D8B20635FDF}.Ad-Hoc|iPhoneSimulator.Deploy.0 = Release|x86
		{41AAD564-2E60-475B-B1EC-3D8B20635FDF}.Ad-Hoc|x64.ActiveCfg = Release|x64
		{41AAD564-2E60-475B-B1EC-3D8B20635FDF}.Ad-Hoc|x64.Build.0 = Release|x64
		{41AAD564-2E60-475B-B1EC-3D8B20635FDF}.Ad-Hoc|x64.Deploy.0 = Release|x64
		{41AAD564-2E60-475B-B1EC-3D8B20635FDF}.Ad-Hoc|x86.ActiveCfg = Release|x86
		{41AAD564-2E60-475B-B1EC-3D8B20635FDF}.Ad-Hoc|x86.Build.0 = Release|x86
		{41AAD564-2E60-475B-B1EC-3D8B20635FDF}.Ad-Hoc|x86.Deploy.0 = Release|x86
		{41AAD564-2E60-475B-B1EC-3D8B20635FDF}.AppStore|Any CPU.ActiveCfg = Release|x86
		{41AAD564-2E60-475B-B1EC-3D8B20635FDF}.AppStore|Any CPU.Build.0 = Release|x86
		{41AAD564-2E60-475B-B1EC-3D8B20635FDF}.AppStore|Any CPU.Deploy.0 = Release|x86
		{41AAD564-2E60-475B-B1EC-3D8B20635FDF}.AppStore|ARM.ActiveCfg = Release|ARM
		{41AAD564-2E60-475B-B1EC-3D8B20635FDF}.AppStore|ARM.Build.0 = Release|ARM
		{41AAD564-2E60-475B-B1EC-3D8B20635FDF}.AppStore|ARM.Deploy.0 = Release|ARM
		{41AAD564-2E60-475B-B1EC-3D8B20635FDF}.AppStore|iPhone.ActiveCfg = Release|x86
		{41AAD564-2E60-475B-B1EC-3D8B20635FDF}.AppStore|iPhone.Build.0 = Release|x86
		{41AAD564-2E60-475B-B1EC-3D8B20635FDF}.AppStore|iPhone.Deploy.0 = Release|x86
		{41AAD564-2E60-475B-B1EC-3D8B20635FDF}.AppStore|iPhoneSimulator.ActiveCfg = Release|x86
		{41AAD564-2E60-475B-B1EC-3D8B20635FDF}.AppStore|iPhoneSimulator.Build.0 = Release|x86
		{41AAD564-2E60-475B-B1EC-3D8B20635FDF}.AppStore|iPhoneSimulator.Deploy.0 = Release|x86
		{41AAD564-2E60-475B-B1EC-3D8B20635FDF}.AppStore|x64.ActiveCfg = Release|x64
		{41AAD564-2E60-475B-B1EC-3D8B20635FDF}.AppStore|x64.Build.0 = Release|x64
		{41AAD564-2E60-475B-B1EC-3D8B20635FDF}.AppStore|x64.Deploy.0 = Release|x64
		{41AAD564-2E60-475B-B1EC-3D8B20635FDF}.AppStore|x86.ActiveCfg = Release|x86
		{41AAD564-2E60-475B-B1EC-3D8B20635FDF}.AppStore|x86.Build.0 = Release|x86
		{41AAD564-2E60-475B-B1EC-3D8B20635FDF}.AppStore|x86.Deploy.0 = Release|x86
		{41AAD564-2E60-475B-B1EC-3D8B20635FDF}.Debug|Any CPU.ActiveCfg = Debug|x86
		{41AAD564-2E60-475B-B1EC-3D8B20635FDF}.Debug|Any CPU.Build.0 = Debug|x86
		{41AAD564-2E60-475B-B1EC-3D8B20635FDF}.Debug|ARM.ActiveCfg = Debug|ARM
		{41AAD564-2E60-475B-B1EC-3D8B20635FDF}.Debug|ARM.Build.0 = Debug|ARM
		{41AAD564-2E60-475B-B1EC-3D8B20635FDF}.Debug|ARM.Deploy.0 = Debug|ARM
		{41AAD564-2E60-475B-B1EC-3D8B20635FDF}.Debug|iPhone.ActiveCfg = Debug|x86
		{41AAD564-2E60-475B-B1EC-3D8B20635FDF}.Debug|iPhoneSimulator.ActiveCfg = Debug|x86
		{41AAD564-2E60-475B-B1EC-3D8B20635FDF}.Debug|x64.ActiveCfg = Debug|x64
		{41AAD564-2E60-475B-B1EC-3D8B20635FDF}.Debug|x64.Build.0 = Debug|x64
		{41AAD564-2E60-475B-B1EC-3D8B20635FDF}.Debug|x64.Deploy.0 = Debug|x64
		{41AAD564-2E60-475B-B1EC-3D8B20635FDF}.Debug|x86.ActiveCfg = Debug|x86
		{41AAD564-2E60-475B-B1EC-3D8B20635FDF}.Debug|x86.Build.0 = Debug|x86
		{41AAD564-2E60-475B-B1EC-3D8B20635FDF}.Debug|x86.Deploy.0 = Debug|x86
		{41AAD564-2E60-475B-B1EC-3D8B20635FDF}.Release|Any CPU.ActiveCfg = Release|x86
		{41AAD564-2E60-475B-B1EC-3D8B20635FDF}.Release|ARM.ActiveCfg = Release|ARM
		{41AAD564-2E60-475B-B1EC-3D8B20635FDF}.Release|ARM.Build.0 = Release|ARM
		{41AAD564-2E60-475B-B1EC-3D8B20635FDF}.Release|ARM.Deploy.0 = Release|ARM
		{41AAD564-2E60-475B-B1EC-3D8B20635FDF}.Release|iPhone.ActiveCfg = Release|x86
		{41AAD564-2E60-475B-B1EC-3D8B20635FDF}.Release|iPhoneSimulator.ActiveCfg = Release|x86
		{41AAD564-2E60-475B-B1EC-3D8B20635FDF}.Release|x64.ActiveCfg = Release|x64
		{41AAD564-2E60-475B-B1EC-3D8B20635FDF}.Release|x64.Build.0 = Release|x64
		{41AAD564-2E60-475B-B1EC-3D8B20635FDF}.Release|x64.Deploy.0 = Release|x64
		{41AAD564-2E60-475B-B1EC-3D8B20635FDF}.Release|x86.ActiveCfg = Release|x86
		{41AAD564-2E60-475B-B1EC-3D8B20635FDF}.Release|x86.Build.0 = Release|x86
		{41AAD564-2E60-475B-B1EC-3D8B20635FDF}.Release|x86.Deploy.0 = Release|x86
		{866E3160-9944-4434-A82B-AC08D16CFE6A}.Ad-Hoc|Any CPU.ActiveCfg = Debug|Any CPU
		{866E3160-9944-4434-A82B-AC08D16CFE6A}.Ad-Hoc|Any CPU.Build.0 = Debug|Any CPU
		{866E3160-9944-4434-A82B-AC08D16CFE6A}.Ad-Hoc|ARM.ActiveCfg = Debug|Any CPU
		{866E3160-9944-4434-A82B-AC08D16CFE6A}.Ad-Hoc|ARM.Build.0 = Debug|Any CPU
		{866E3160-9944-4434-A82B-AC08D16CFE6A}.Ad-Hoc|iPhone.ActiveCfg = Debug|Any CPU
		{866E3160-9944-4434-A82B-AC08D16CFE6A}.Ad-Hoc|iPhone.Build.0 = Debug|Any CPU
		{866E3160-9944-4434-A82B-AC08D16CFE6A}.Ad-Hoc|iPhoneSimulator.ActiveCfg = Debug|Any CPU
		{866E3160-9944-4434-A82B-AC08D16CFE6A}.Ad-Hoc|iPhoneSimulator.Build.0 = Debug|Any CPU
		{866E3160-9944-4434-A82B-AC08D16CFE6A}.Ad-Hoc|x64.ActiveCfg = Debug|Any CPU
		{866E3160-9944-4434-A82B-AC08D16CFE6A}.Ad-Hoc|x64.Build.0 = Debug|Any CPU
		{866E3160-9944-4434-A82B-AC08D16CFE6A}.Ad-Hoc|x86.ActiveCfg = Debug|Any CPU
		{866E3160-9944-4434-A82B-AC08D16CFE6A}.Ad-Hoc|x86.Build.0 = Debug|Any CPU
		{866E3160-9944-4434-A82B-AC08D16CFE6A}.AppStore|Any CPU.ActiveCfg = Debug|Any CPU
		{866E3160-9944-4434-A82B-AC08D16CFE6A}.AppStore|Any CPU.Build.0 = Debug|Any CPU
		{866E3160-9944-4434-A82B-AC08D16CFE6A}.AppStore|ARM.ActiveCfg = Debug|Any CPU
		{866E3160-9944-4434-A82B-AC08D16CFE6A}.AppStore|ARM.Build.0 = Debug|Any CPU
		{866E3160-9944-4434-A82B-AC08D16CFE6A}.AppStore|iPhone.ActiveCfg = Debug|Any CPU
		{866E3160-9944-4434-A82B-AC08D16CFE6A}.AppStore|iPhone.Build.0 = Debug|Any CPU
		{866E3160-9944-4434-A82B-AC08D16CFE6A}.AppStore|iPhoneSimulator.ActiveCfg = Debug|Any CPU
		{866E3160-9944-4434-A82B-AC08D16CFE6A}.AppStore|iPhoneSimulator.Build.0 = Debug|Any CPU
		{866E3160-9944-4434-A82B-AC08D16CFE6A}.AppStore|x64.ActiveCfg = Debug|Any CPU
		{866E3160-9944-4434-A82B-AC08D16CFE6A}.AppStore|x64.Build.0 = Debug|Any CPU
		{866E3160-9944-4434-A82B-AC08D16CFE6A}.AppStore|x86.ActiveCfg = Debug|Any CPU
		{866E3160-9944-4434-A82B-AC08D16CFE6A}.AppStore|x86.Build.0 = Debug|Any CPU
		{866E3160-9944-4434-A82B-AC08D16CFE6A}.Debug|Any CPU.ActiveCfg = Debug|Any CPU
		{866E3160-9944-4434-A82B-AC08D16CFE6A}.Debug|Any CPU.Build.0 = Debug|Any CPU
		{866E3160-9944-4434-A82B-AC08D16CFE6A}.Debug|ARM.ActiveCfg = Debug|Any CPU
		{866E3160-9944-4434-A82B-AC08D16CFE6A}.Debug|ARM.Build.0 = Debug|Any CPU
		{866E3160-9944-4434-A82B-AC08D16CFE6A}.Debug|iPhone.ActiveCfg = Debug|Any CPU
		{866E3160-9944-4434-A82B-AC08D16CFE6A}.Debug|iPhone.Build.0 = Debug|Any CPU
		{866E3160-9944-4434-A82B-AC08D16CFE6A}.Debug|iPhoneSimulator.ActiveCfg = Debug|Any CPU
		{866E3160-9944-4434-A82B-AC08D16CFE6A}.Debug|iPhoneSimulator.Build.0 = Debug|Any CPU
		{866E3160-9944-4434-A82B-AC08D16CFE6A}.Debug|x64.ActiveCfg = Debug|Any CPU
		{866E3160-9944-4434-A82B-AC08D16CFE6A}.Debug|x64.Build.0 = Debug|Any CPU
		{866E3160-9944-4434-A82B-AC08D16CFE6A}.Debug|x86.ActiveCfg = Debug|Any CPU
		{866E3160-9944-4434-A82B-AC08D16CFE6A}.Debug|x86.Build.0 = Debug|Any CPU
		{866E3160-9944-4434-A82B-AC08D16CFE6A}.Release|Any CPU.ActiveCfg = Release|Any CPU
		{866E3160-9944-4434-A82B-AC08D16CFE6A}.Release|Any CPU.Build.0 = Release|Any CPU
		{866E3160-9944-4434-A82B-AC08D16CFE6A}.Release|ARM.ActiveCfg = Release|Any CPU
		{866E3160-9944-4434-A82B-AC08D16CFE6A}.Release|ARM.Build.0 = Release|Any CPU
		{866E3160-9944-4434-A82B-AC08D16CFE6A}.Release|iPhone.ActiveCfg = Release|Any CPU
		{866E3160-9944-4434-A82B-AC08D16CFE6A}.Release|iPhone.Build.0 = Release|Any CPU
		{866E3160-9944-4434-A82B-AC08D16CFE6A}.Release|iPhoneSimulator.ActiveCfg = Release|Any CPU
		{866E3160-9944-4434-A82B-AC08D16CFE6A}.Release|iPhoneSimulator.Build.0 = Release|Any CPU
		{866E3160-9944-4434-A82B-AC08D16CFE6A}.Release|x64.ActiveCfg = Release|Any CPU
		{866E3160-9944-4434-A82B-AC08D16CFE6A}.Release|x64.Build.0 = Release|Any CPU
		{866E3160-9944-4434-A82B-AC08D16CFE6A}.Release|x86.ActiveCfg = Release|Any CPU
		{866E3160-9944-4434-A82B-AC08D16CFE6A}.Release|x86.Build.0 = Release|Any CPU
		{3756ACFE-AEE1-4F90-811A-A4F392312CBA}.Ad-Hoc|Any CPU.ActiveCfg = Release|Any CPU
		{3756ACFE-AEE1-4F90-811A-A4F392312CBA}.Ad-Hoc|Any CPU.Build.0 = Release|Any CPU
		{3756ACFE-AEE1-4F90-811A-A4F392312CBA}.Ad-Hoc|ARM.ActiveCfg = Release|Any CPU
		{3756ACFE-AEE1-4F90-811A-A4F392312CBA}.Ad-Hoc|ARM.Build.0 = Release|Any CPU
		{3756ACFE-AEE1-4F90-811A-A4F392312CBA}.Ad-Hoc|iPhone.ActiveCfg = Release|Any CPU
		{3756ACFE-AEE1-4F90-811A-A4F392312CBA}.Ad-Hoc|iPhone.Build.0 = Release|Any CPU
		{3756ACFE-AEE1-4F90-811A-A4F392312CBA}.Ad-Hoc|iPhoneSimulator.ActiveCfg = Release|Any CPU
		{3756ACFE-AEE1-4F90-811A-A4F392312CBA}.Ad-Hoc|iPhoneSimulator.Build.0 = Release|Any CPU
		{3756ACFE-AEE1-4F90-811A-A4F392312CBA}.Ad-Hoc|x64.ActiveCfg = Release|Any CPU
		{3756ACFE-AEE1-4F90-811A-A4F392312CBA}.Ad-Hoc|x64.Build.0 = Release|Any CPU
		{3756ACFE-AEE1-4F90-811A-A4F392312CBA}.Ad-Hoc|x86.ActiveCfg = Release|Any CPU
		{3756ACFE-AEE1-4F90-811A-A4F392312CBA}.Ad-Hoc|x86.Build.0 = Release|Any CPU
		{3756ACFE-AEE1-4F90-811A-A4F392312CBA}.AppStore|Any CPU.ActiveCfg = Release|Any CPU
		{3756ACFE-AEE1-4F90-811A-A4F392312CBA}.AppStore|Any CPU.Build.0 = Release|Any CPU
		{3756ACFE-AEE1-4F90-811A-A4F392312CBA}.AppStore|ARM.ActiveCfg = Release|Any CPU
		{3756ACFE-AEE1-4F90-811A-A4F392312CBA}.AppStore|ARM.Build.0 = Release|Any CPU
		{3756ACFE-AEE1-4F90-811A-A4F392312CBA}.AppStore|iPhone.ActiveCfg = Release|Any CPU
		{3756ACFE-AEE1-4F90-811A-A4F392312CBA}.AppStore|iPhone.Build.0 = Release|Any CPU
		{3756ACFE-AEE1-4F90-811A-A4F392312CBA}.AppStore|iPhoneSimulator.ActiveCfg = Release|Any CPU
		{3756ACFE-AEE1-4F90-811A-A4F392312CBA}.AppStore|iPhoneSimulator.Build.0 = Release|Any CPU
		{3756ACFE-AEE1-4F90-811A-A4F392312CBA}.AppStore|x64.ActiveCfg = Release|Any CPU
		{3756ACFE-AEE1-4F90-811A-A4F392312CBA}.AppStore|x64.Build.0 = Release|Any CPU
		{3756ACFE-AEE1-4F90-811A-A4F392312CBA}.AppStore|x86.ActiveCfg = Release|Any CPU
		{3756ACFE-AEE1-4F90-811A-A4F392312CBA}.AppStore|x86.Build.0 = Release|Any CPU
		{3756ACFE-AEE1-4F90-811A-A4F392312CBA}.Debug|Any CPU.ActiveCfg = Debug|Any CPU
		{3756ACFE-AEE1-4F90-811A-A4F392312CBA}.Debug|Any CPU.Build.0 = Debug|Any CPU
		{3756ACFE-AEE1-4F90-811A-A4F392312CBA}.Debug|ARM.ActiveCfg = Debug|Any CPU
		{3756ACFE-AEE1-4F90-811A-A4F392312CBA}.Debug|ARM.Build.0 = Debug|Any CPU
		{3756ACFE-AEE1-4F90-811A-A4F392312CBA}.Debug|iPhone.ActiveCfg = Debug|Any CPU
		{3756ACFE-AEE1-4F90-811A-A4F392312CBA}.Debug|iPhone.Build.0 = Debug|Any CPU
		{3756ACFE-AEE1-4F90-811A-A4F392312CBA}.Debug|iPhoneSimulator.ActiveCfg = Debug|Any CPU
		{3756ACFE-AEE1-4F90-811A-A4F392312CBA}.Debug|iPhoneSimulator.Build.0 = Debug|Any CPU
		{3756ACFE-AEE1-4F90-811A-A4F392312CBA}.Debug|x64.ActiveCfg = Debug|Any CPU
		{3756ACFE-AEE1-4F90-811A-A4F392312CBA}.Debug|x64.Build.0 = Debug|Any CPU
		{3756ACFE-AEE1-4F90-811A-A4F392312CBA}.Debug|x86.ActiveCfg = Debug|Any CPU
		{3756ACFE-AEE1-4F90-811A-A4F392312CBA}.Debug|x86.Build.0 = Debug|Any CPU
		{3756ACFE-AEE1-4F90-811A-A4F392312CBA}.Release|Any CPU.ActiveCfg = Release|Any CPU
		{3756ACFE-AEE1-4F90-811A-A4F392312CBA}.Release|Any CPU.Build.0 = Release|Any CPU
		{3756ACFE-AEE1-4F90-811A-A4F392312CBA}.Release|ARM.ActiveCfg = Release|Any CPU
		{3756ACFE-AEE1-4F90-811A-A4F392312CBA}.Release|ARM.Build.0 = Release|Any CPU
		{3756ACFE-AEE1-4F90-811A-A4F392312CBA}.Release|iPhone.ActiveCfg = Release|Any CPU
		{3756ACFE-AEE1-4F90-811A-A4F392312CBA}.Release|iPhone.Build.0 = Release|Any CPU
		{3756ACFE-AEE1-4F90-811A-A4F392312CBA}.Release|iPhoneSimulator.ActiveCfg = Release|Any CPU
		{3756ACFE-AEE1-4F90-811A-A4F392312CBA}.Release|iPhoneSimulator.Build.0 = Release|Any CPU
		{3756ACFE-AEE1-4F90-811A-A4F392312CBA}.Release|x64.ActiveCfg = Release|Any CPU
		{3756ACFE-AEE1-4F90-811A-A4F392312CBA}.Release|x64.Build.0 = Release|Any CPU
		{3756ACFE-AEE1-4F90-811A-A4F392312CBA}.Release|x86.ActiveCfg = Release|Any CPU
		{3756ACFE-AEE1-4F90-811A-A4F392312CBA}.Release|x86.Build.0 = Release|Any CPU
		{B987D038-0F14-45FC-9538-D5A95CBF90F6}.Ad-Hoc|Any CPU.ActiveCfg = Debug|Any CPU
		{B987D038-0F14-45FC-9538-D5A95CBF90F6}.Ad-Hoc|Any CPU.Build.0 = Debug|Any CPU
		{B987D038-0F14-45FC-9538-D5A95CBF90F6}.Ad-Hoc|ARM.ActiveCfg = Debug|Any CPU
		{B987D038-0F14-45FC-9538-D5A95CBF90F6}.Ad-Hoc|ARM.Build.0 = Debug|Any CPU
		{B987D038-0F14-45FC-9538-D5A95CBF90F6}.Ad-Hoc|iPhone.ActiveCfg = Debug|Any CPU
		{B987D038-0F14-45FC-9538-D5A95CBF90F6}.Ad-Hoc|iPhone.Build.0 = Debug|Any CPU
		{B987D038-0F14-45FC-9538-D5A95CBF90F6}.Ad-Hoc|iPhoneSimulator.ActiveCfg = Debug|Any CPU
		{B987D038-0F14-45FC-9538-D5A95CBF90F6}.Ad-Hoc|iPhoneSimulator.Build.0 = Debug|Any CPU
		{B987D038-0F14-45FC-9538-D5A95CBF90F6}.Ad-Hoc|x64.ActiveCfg = Debug|Any CPU
		{B987D038-0F14-45FC-9538-D5A95CBF90F6}.Ad-Hoc|x64.Build.0 = Debug|Any CPU
		{B987D038-0F14-45FC-9538-D5A95CBF90F6}.Ad-Hoc|x86.ActiveCfg = Debug|Any CPU
		{B987D038-0F14-45FC-9538-D5A95CBF90F6}.Ad-Hoc|x86.Build.0 = Debug|Any CPU
		{B987D038-0F14-45FC-9538-D5A95CBF90F6}.AppStore|Any CPU.ActiveCfg = Debug|Any CPU
		{B987D038-0F14-45FC-9538-D5A95CBF90F6}.AppStore|Any CPU.Build.0 = Debug|Any CPU
		{B987D038-0F14-45FC-9538-D5A95CBF90F6}.AppStore|ARM.ActiveCfg = Debug|Any CPU
		{B987D038-0F14-45FC-9538-D5A95CBF90F6}.AppStore|ARM.Build.0 = Debug|Any CPU
		{B987D038-0F14-45FC-9538-D5A95CBF90F6}.AppStore|iPhone.ActiveCfg = Debug|Any CPU
		{B987D038-0F14-45FC-9538-D5A95CBF90F6}.AppStore|iPhone.Build.0 = Debug|Any CPU
		{B987D038-0F14-45FC-9538-D5A95CBF90F6}.AppStore|iPhoneSimulator.ActiveCfg = Debug|Any CPU
		{B987D038-0F14-45FC-9538-D5A95CBF90F6}.AppStore|iPhoneSimulator.Build.0 = Debug|Any CPU
		{B987D038-0F14-45FC-9538-D5A95CBF90F6}.AppStore|x64.ActiveCfg = Debug|Any CPU
		{B987D038-0F14-45FC-9538-D5A95CBF90F6}.AppStore|x64.Build.0 = Debug|Any CPU
		{B987D038-0F14-45FC-9538-D5A95CBF90F6}.AppStore|x86.ActiveCfg = Debug|Any CPU
		{B987D038-0F14-45FC-9538-D5A95CBF90F6}.AppStore|x86.Build.0 = Debug|Any CPU
		{B987D038-0F14-45FC-9538-D5A95CBF90F6}.Debug|Any CPU.ActiveCfg = Debug|Any CPU
		{B987D038-0F14-45FC-9538-D5A95CBF90F6}.Debug|Any CPU.Build.0 = Debug|Any CPU
		{B987D038-0F14-45FC-9538-D5A95CBF90F6}.Debug|ARM.ActiveCfg = Debug|Any CPU
		{B987D038-0F14-45FC-9538-D5A95CBF90F6}.Debug|ARM.Build.0 = Debug|Any CPU
		{B987D038-0F14-45FC-9538-D5A95CBF90F6}.Debug|iPhone.ActiveCfg = Debug|Any CPU
		{B987D038-0F14-45FC-9538-D5A95CBF90F6}.Debug|iPhone.Build.0 = Debug|Any CPU
		{B987D038-0F14-45FC-9538-D5A95CBF90F6}.Debug|iPhoneSimulator.ActiveCfg = Debug|Any CPU
		{B987D038-0F14-45FC-9538-D5A95CBF90F6}.Debug|iPhoneSimulator.Build.0 = Debug|Any CPU
		{B987D038-0F14-45FC-9538-D5A95CBF90F6}.Debug|x64.ActiveCfg = Debug|Any CPU
		{B987D038-0F14-45FC-9538-D5A95CBF90F6}.Debug|x64.Build.0 = Debug|Any CPU
		{B987D038-0F14-45FC-9538-D5A95CBF90F6}.Debug|x86.ActiveCfg = Debug|Any CPU
		{B987D038-0F14-45FC-9538-D5A95CBF90F6}.Debug|x86.Build.0 = Debug|Any CPU
		{B987D038-0F14-45FC-9538-D5A95CBF90F6}.Release|Any CPU.ActiveCfg = Release|Any CPU
		{B987D038-0F14-45FC-9538-D5A95CBF90F6}.Release|Any CPU.Build.0 = Release|Any CPU
		{B987D038-0F14-45FC-9538-D5A95CBF90F6}.Release|ARM.ActiveCfg = Release|Any CPU
		{B987D038-0F14-45FC-9538-D5A95CBF90F6}.Release|ARM.Build.0 = Release|Any CPU
		{B987D038-0F14-45FC-9538-D5A95CBF90F6}.Release|iPhone.ActiveCfg = Release|Any CPU
		{B987D038-0F14-45FC-9538-D5A95CBF90F6}.Release|iPhone.Build.0 = Release|Any CPU
		{B987D038-0F14-45FC-9538-D5A95CBF90F6}.Release|iPhoneSimulator.ActiveCfg = Release|Any CPU
		{B987D038-0F14-45FC-9538-D5A95CBF90F6}.Release|iPhoneSimulator.Build.0 = Release|Any CPU
		{B987D038-0F14-45FC-9538-D5A95CBF90F6}.Release|x64.ActiveCfg = Release|Any CPU
		{B987D038-0F14-45FC-9538-D5A95CBF90F6}.Release|x64.Build.0 = Release|Any CPU
		{B987D038-0F14-45FC-9538-D5A95CBF90F6}.Release|x86.ActiveCfg = Release|Any CPU
		{B987D038-0F14-45FC-9538-D5A95CBF90F6}.Release|x86.Build.0 = Release|Any CPU
		{6E74314E-4325-4550-B3E3-68DCF3AE72FE}.Ad-Hoc|Any CPU.ActiveCfg = Release|Any CPU
		{6E74314E-4325-4550-B3E3-68DCF3AE72FE}.Ad-Hoc|Any CPU.Build.0 = Release|Any CPU
		{6E74314E-4325-4550-B3E3-68DCF3AE72FE}.Ad-Hoc|ARM.ActiveCfg = Release|Any CPU
		{6E74314E-4325-4550-B3E3-68DCF3AE72FE}.Ad-Hoc|ARM.Build.0 = Release|Any CPU
		{6E74314E-4325-4550-B3E3-68DCF3AE72FE}.Ad-Hoc|iPhone.ActiveCfg = Release|Any CPU
		{6E74314E-4325-4550-B3E3-68DCF3AE72FE}.Ad-Hoc|iPhone.Build.0 = Release|Any CPU
		{6E74314E-4325-4550-B3E3-68DCF3AE72FE}.Ad-Hoc|iPhoneSimulator.ActiveCfg = Release|Any CPU
		{6E74314E-4325-4550-B3E3-68DCF3AE72FE}.Ad-Hoc|iPhoneSimulator.Build.0 = Release|Any CPU
		{6E74314E-4325-4550-B3E3-68DCF3AE72FE}.Ad-Hoc|x64.ActiveCfg = Release|Any CPU
		{6E74314E-4325-4550-B3E3-68DCF3AE72FE}.Ad-Hoc|x64.Build.0 = Release|Any CPU
		{6E74314E-4325-4550-B3E3-68DCF3AE72FE}.Ad-Hoc|x86.ActiveCfg = Release|Any CPU
		{6E74314E-4325-4550-B3E3-68DCF3AE72FE}.Ad-Hoc|x86.Build.0 = Release|Any CPU
		{6E74314E-4325-4550-B3E3-68DCF3AE72FE}.AppStore|Any CPU.ActiveCfg = Release|Any CPU
		{6E74314E-4325-4550-B3E3-68DCF3AE72FE}.AppStore|Any CPU.Build.0 = Release|Any CPU
		{6E74314E-4325-4550-B3E3-68DCF3AE72FE}.AppStore|ARM.ActiveCfg = Release|Any CPU
		{6E74314E-4325-4550-B3E3-68DCF3AE72FE}.AppStore|ARM.Build.0 = Release|Any CPU
		{6E74314E-4325-4550-B3E3-68DCF3AE72FE}.AppStore|iPhone.ActiveCfg = Release|Any CPU
		{6E74314E-4325-4550-B3E3-68DCF3AE72FE}.AppStore|iPhone.Build.0 = Release|Any CPU
		{6E74314E-4325-4550-B3E3-68DCF3AE72FE}.AppStore|iPhoneSimulator.ActiveCfg = Release|Any CPU
		{6E74314E-4325-4550-B3E3-68DCF3AE72FE}.AppStore|iPhoneSimulator.Build.0 = Release|Any CPU
		{6E74314E-4325-4550-B3E3-68DCF3AE72FE}.AppStore|x64.ActiveCfg = Release|Any CPU
		{6E74314E-4325-4550-B3E3-68DCF3AE72FE}.AppStore|x64.Build.0 = Release|Any CPU
		{6E74314E-4325-4550-B3E3-68DCF3AE72FE}.AppStore|x86.ActiveCfg = Release|Any CPU
		{6E74314E-4325-4550-B3E3-68DCF3AE72FE}.AppStore|x86.Build.0 = Release|Any CPU
		{6E74314E-4325-4550-B3E3-68DCF3AE72FE}.Debug|Any CPU.ActiveCfg = Debug|Any CPU
		{6E74314E-4325-4550-B3E3-68DCF3AE72FE}.Debug|Any CPU.Build.0 = Debug|Any CPU
		{6E74314E-4325-4550-B3E3-68DCF3AE72FE}.Debug|ARM.ActiveCfg = Debug|Any CPU
		{6E74314E-4325-4550-B3E3-68DCF3AE72FE}.Debug|ARM.Build.0 = Debug|Any CPU
		{6E74314E-4325-4550-B3E3-68DCF3AE72FE}.Debug|iPhone.ActiveCfg = Debug|Any CPU
		{6E74314E-4325-4550-B3E3-68DCF3AE72FE}.Debug|iPhone.Build.0 = Debug|Any CPU
		{6E74314E-4325-4550-B3E3-68DCF3AE72FE}.Debug|iPhoneSimulator.ActiveCfg = Debug|Any CPU
		{6E74314E-4325-4550-B3E3-68DCF3AE72FE}.Debug|iPhoneSimulator.Build.0 = Debug|Any CPU
		{6E74314E-4325-4550-B3E3-68DCF3AE72FE}.Debug|x64.ActiveCfg = Debug|Any CPU
		{6E74314E-4325-4550-B3E3-68DCF3AE72FE}.Debug|x64.Build.0 = Debug|Any CPU
		{6E74314E-4325-4550-B3E3-68DCF3AE72FE}.Debug|x86.ActiveCfg = Debug|Any CPU
		{6E74314E-4325-4550-B3E3-68DCF3AE72FE}.Debug|x86.Build.0 = Debug|Any CPU
		{6E74314E-4325-4550-B3E3-68DCF3AE72FE}.Release|Any CPU.ActiveCfg = Release|Any CPU
		{6E74314E-4325-4550-B3E3-68DCF3AE72FE}.Release|Any CPU.Build.0 = Release|Any CPU
		{6E74314E-4325-4550-B3E3-68DCF3AE72FE}.Release|ARM.ActiveCfg = Release|Any CPU
		{6E74314E-4325-4550-B3E3-68DCF3AE72FE}.Release|ARM.Build.0 = Release|Any CPU
		{6E74314E-4325-4550-B3E3-68DCF3AE72FE}.Release|iPhone.ActiveCfg = Release|Any CPU
		{6E74314E-4325-4550-B3E3-68DCF3AE72FE}.Release|iPhone.Build.0 = Release|Any CPU
		{6E74314E-4325-4550-B3E3-68DCF3AE72FE}.Release|iPhoneSimulator.ActiveCfg = Release|Any CPU
		{6E74314E-4325-4550-B3E3-68DCF3AE72FE}.Release|iPhoneSimulator.Build.0 = Release|Any CPU
		{6E74314E-4325-4550-B3E3-68DCF3AE72FE}.Release|x64.ActiveCfg = Release|Any CPU
		{6E74314E-4325-4550-B3E3-68DCF3AE72FE}.Release|x64.Build.0 = Release|Any CPU
		{6E74314E-4325-4550-B3E3-68DCF3AE72FE}.Release|x86.ActiveCfg = Release|Any CPU
		{6E74314E-4325-4550-B3E3-68DCF3AE72FE}.Release|x86.Build.0 = Release|Any CPU
		{80E54895-00A2-47CB-ADFA-2137505D7877}.Ad-Hoc|Any CPU.ActiveCfg = Release|Any CPU
		{80E54895-00A2-47CB-ADFA-2137505D7877}.Ad-Hoc|Any CPU.Build.0 = Release|Any CPU
		{80E54895-00A2-47CB-ADFA-2137505D7877}.Ad-Hoc|ARM.ActiveCfg = Release|Any CPU
		{80E54895-00A2-47CB-ADFA-2137505D7877}.Ad-Hoc|ARM.Build.0 = Release|Any CPU
		{80E54895-00A2-47CB-ADFA-2137505D7877}.Ad-Hoc|iPhone.ActiveCfg = Release|Any CPU
		{80E54895-00A2-47CB-ADFA-2137505D7877}.Ad-Hoc|iPhone.Build.0 = Release|Any CPU
		{80E54895-00A2-47CB-ADFA-2137505D7877}.Ad-Hoc|iPhoneSimulator.ActiveCfg = Release|Any CPU
		{80E54895-00A2-47CB-ADFA-2137505D7877}.Ad-Hoc|iPhoneSimulator.Build.0 = Release|Any CPU
		{80E54895-00A2-47CB-ADFA-2137505D7877}.Ad-Hoc|x64.ActiveCfg = Release|Any CPU
		{80E54895-00A2-47CB-ADFA-2137505D7877}.Ad-Hoc|x64.Build.0 = Release|Any CPU
		{80E54895-00A2-47CB-ADFA-2137505D7877}.Ad-Hoc|x86.ActiveCfg = Release|Any CPU
		{80E54895-00A2-47CB-ADFA-2137505D7877}.Ad-Hoc|x86.Build.0 = Release|Any CPU
		{80E54895-00A2-47CB-ADFA-2137505D7877}.AppStore|Any CPU.ActiveCfg = Release|Any CPU
		{80E54895-00A2-47CB-ADFA-2137505D7877}.AppStore|Any CPU.Build.0 = Release|Any CPU
		{80E54895-00A2-47CB-ADFA-2137505D7877}.AppStore|ARM.ActiveCfg = Release|Any CPU
		{80E54895-00A2-47CB-ADFA-2137505D7877}.AppStore|ARM.Build.0 = Release|Any CPU
		{80E54895-00A2-47CB-ADFA-2137505D7877}.AppStore|iPhone.ActiveCfg = Release|Any CPU
		{80E54895-00A2-47CB-ADFA-2137505D7877}.AppStore|iPhone.Build.0 = Release|Any CPU
		{80E54895-00A2-47CB-ADFA-2137505D7877}.AppStore|iPhoneSimulator.ActiveCfg = Release|Any CPU
		{80E54895-00A2-47CB-ADFA-2137505D7877}.AppStore|iPhoneSimulator.Build.0 = Release|Any CPU
		{80E54895-00A2-47CB-ADFA-2137505D7877}.AppStore|x64.ActiveCfg = Release|Any CPU
		{80E54895-00A2-47CB-ADFA-2137505D7877}.AppStore|x64.Build.0 = Release|Any CPU
		{80E54895-00A2-47CB-ADFA-2137505D7877}.AppStore|x86.ActiveCfg = Release|Any CPU
		{80E54895-00A2-47CB-ADFA-2137505D7877}.AppStore|x86.Build.0 = Release|Any CPU
		{80E54895-00A2-47CB-ADFA-2137505D7877}.Debug|Any CPU.ActiveCfg = Debug|Any CPU
		{80E54895-00A2-47CB-ADFA-2137505D7877}.Debug|Any CPU.Build.0 = Debug|Any CPU
		{80E54895-00A2-47CB-ADFA-2137505D7877}.Debug|ARM.ActiveCfg = Debug|Any CPU
		{80E54895-00A2-47CB-ADFA-2137505D7877}.Debug|ARM.Build.0 = Debug|Any CPU
		{80E54895-00A2-47CB-ADFA-2137505D7877}.Debug|iPhone.ActiveCfg = Debug|Any CPU
		{80E54895-00A2-47CB-ADFA-2137505D7877}.Debug|iPhone.Build.0 = Debug|Any CPU
		{80E54895-00A2-47CB-ADFA-2137505D7877}.Debug|iPhoneSimulator.ActiveCfg = Debug|Any CPU
		{80E54895-00A2-47CB-ADFA-2137505D7877}.Debug|iPhoneSimulator.Build.0 = Debug|Any CPU
		{80E54895-00A2-47CB-ADFA-2137505D7877}.Debug|x64.ActiveCfg = Debug|Any CPU
		{80E54895-00A2-47CB-ADFA-2137505D7877}.Debug|x64.Build.0 = Debug|Any CPU
		{80E54895-00A2-47CB-ADFA-2137505D7877}.Debug|x86.ActiveCfg = Debug|Any CPU
		{80E54895-00A2-47CB-ADFA-2137505D7877}.Debug|x86.Build.0 = Debug|Any CPU
		{80E54895-00A2-47CB-ADFA-2137505D7877}.Release|Any CPU.ActiveCfg = Release|Any CPU
		{80E54895-00A2-47CB-ADFA-2137505D7877}.Release|Any CPU.Build.0 = Release|Any CPU
		{80E54895-00A2-47CB-ADFA-2137505D7877}.Release|ARM.ActiveCfg = Release|Any CPU
		{80E54895-00A2-47CB-ADFA-2137505D7877}.Release|ARM.Build.0 = Release|Any CPU
		{80E54895-00A2-47CB-ADFA-2137505D7877}.Release|iPhone.ActiveCfg = Release|Any CPU
		{80E54895-00A2-47CB-ADFA-2137505D7877}.Release|iPhone.Build.0 = Release|Any CPU
		{80E54895-00A2-47CB-ADFA-2137505D7877}.Release|iPhoneSimulator.ActiveCfg = Release|Any CPU
		{80E54895-00A2-47CB-ADFA-2137505D7877}.Release|iPhoneSimulator.Build.0 = Release|Any CPU
		{80E54895-00A2-47CB-ADFA-2137505D7877}.Release|x64.ActiveCfg = Release|Any CPU
		{80E54895-00A2-47CB-ADFA-2137505D7877}.Release|x64.Build.0 = Release|Any CPU
		{80E54895-00A2-47CB-ADFA-2137505D7877}.Release|x86.ActiveCfg = Release|Any CPU
		{80E54895-00A2-47CB-ADFA-2137505D7877}.Release|x86.Build.0 = Release|Any CPU
		{357DD70E-D91F-422B-AC43-84A9AFE0130A}.Ad-Hoc|Any CPU.ActiveCfg = Release|Any CPU
		{357DD70E-D91F-422B-AC43-84A9AFE0130A}.Ad-Hoc|Any CPU.Build.0 = Release|Any CPU
		{357DD70E-D91F-422B-AC43-84A9AFE0130A}.Ad-Hoc|ARM.ActiveCfg = Release|ARM
		{357DD70E-D91F-422B-AC43-84A9AFE0130A}.Ad-Hoc|ARM.Build.0 = Release|ARM
		{357DD70E-D91F-422B-AC43-84A9AFE0130A}.Ad-Hoc|iPhone.ActiveCfg = Release|Any CPU
		{357DD70E-D91F-422B-AC43-84A9AFE0130A}.Ad-Hoc|iPhone.Build.0 = Release|Any CPU
		{357DD70E-D91F-422B-AC43-84A9AFE0130A}.Ad-Hoc|iPhoneSimulator.ActiveCfg = Release|Any CPU
		{357DD70E-D91F-422B-AC43-84A9AFE0130A}.Ad-Hoc|iPhoneSimulator.Build.0 = Release|Any CPU
		{357DD70E-D91F-422B-AC43-84A9AFE0130A}.Ad-Hoc|x64.ActiveCfg = Release|x64
		{357DD70E-D91F-422B-AC43-84A9AFE0130A}.Ad-Hoc|x64.Build.0 = Release|x64
		{357DD70E-D91F-422B-AC43-84A9AFE0130A}.Ad-Hoc|x86.ActiveCfg = Release|x86
		{357DD70E-D91F-422B-AC43-84A9AFE0130A}.Ad-Hoc|x86.Build.0 = Release|x86
		{357DD70E-D91F-422B-AC43-84A9AFE0130A}.AppStore|Any CPU.ActiveCfg = Release|Any CPU
		{357DD70E-D91F-422B-AC43-84A9AFE0130A}.AppStore|Any CPU.Build.0 = Release|Any CPU
		{357DD70E-D91F-422B-AC43-84A9AFE0130A}.AppStore|ARM.ActiveCfg = Release|ARM
		{357DD70E-D91F-422B-AC43-84A9AFE0130A}.AppStore|ARM.Build.0 = Release|ARM
		{357DD70E-D91F-422B-AC43-84A9AFE0130A}.AppStore|iPhone.ActiveCfg = Release|Any CPU
		{357DD70E-D91F-422B-AC43-84A9AFE0130A}.AppStore|iPhone.Build.0 = Release|Any CPU
		{357DD70E-D91F-422B-AC43-84A9AFE0130A}.AppStore|iPhoneSimulator.ActiveCfg = Release|Any CPU
		{357DD70E-D91F-422B-AC43-84A9AFE0130A}.AppStore|iPhoneSimulator.Build.0 = Release|Any CPU
		{357DD70E-D91F-422B-AC43-84A9AFE0130A}.AppStore|x64.ActiveCfg = Release|x64
		{357DD70E-D91F-422B-AC43-84A9AFE0130A}.AppStore|x64.Build.0 = Release|x64
		{357DD70E-D91F-422B-AC43-84A9AFE0130A}.AppStore|x86.ActiveCfg = Release|x86
		{357DD70E-D91F-422B-AC43-84A9AFE0130A}.AppStore|x86.Build.0 = Release|x86
		{357DD70E-D91F-422B-AC43-84A9AFE0130A}.Debug|Any CPU.ActiveCfg = Debug|Any CPU
		{357DD70E-D91F-422B-AC43-84A9AFE0130A}.Debug|Any CPU.Build.0 = Debug|Any CPU
		{357DD70E-D91F-422B-AC43-84A9AFE0130A}.Debug|ARM.ActiveCfg = Debug|ARM
		{357DD70E-D91F-422B-AC43-84A9AFE0130A}.Debug|ARM.Build.0 = Debug|ARM
		{357DD70E-D91F-422B-AC43-84A9AFE0130A}.Debug|iPhone.ActiveCfg = Debug|Any CPU
		{357DD70E-D91F-422B-AC43-84A9AFE0130A}.Debug|iPhone.Build.0 = Debug|Any CPU
		{357DD70E-D91F-422B-AC43-84A9AFE0130A}.Debug|iPhoneSimulator.ActiveCfg = Debug|Any CPU
		{357DD70E-D91F-422B-AC43-84A9AFE0130A}.Debug|iPhoneSimulator.Build.0 = Debug|Any CPU
		{357DD70E-D91F-422B-AC43-84A9AFE0130A}.Debug|x64.ActiveCfg = Debug|x64
		{357DD70E-D91F-422B-AC43-84A9AFE0130A}.Debug|x64.Build.0 = Debug|x64
		{357DD70E-D91F-422B-AC43-84A9AFE0130A}.Debug|x86.ActiveCfg = Debug|x86
		{357DD70E-D91F-422B-AC43-84A9AFE0130A}.Debug|x86.Build.0 = Debug|x86
		{357DD70E-D91F-422B-AC43-84A9AFE0130A}.Release|Any CPU.ActiveCfg = Release|Any CPU
		{357DD70E-D91F-422B-AC43-84A9AFE0130A}.Release|Any CPU.Build.0 = Release|Any CPU
		{357DD70E-D91F-422B-AC43-84A9AFE0130A}.Release|ARM.ActiveCfg = Release|ARM
		{357DD70E-D91F-422B-AC43-84A9AFE0130A}.Release|ARM.Build.0 = Release|ARM
		{357DD70E-D91F-422B-AC43-84A9AFE0130A}.Release|iPhone.ActiveCfg = Release|Any CPU
		{357DD70E-D91F-422B-AC43-84A9AFE0130A}.Release|iPhone.Build.0 = Release|Any CPU
		{357DD70E-D91F-422B-AC43-84A9AFE0130A}.Release|iPhoneSimulator.ActiveCfg = Release|Any CPU
		{357DD70E-D91F-422B-AC43-84A9AFE0130A}.Release|iPhoneSimulator.Build.0 = Release|Any CPU
		{357DD70E-D91F-422B-AC43-84A9AFE0130A}.Release|x64.ActiveCfg = Release|x64
		{357DD70E-D91F-422B-AC43-84A9AFE0130A}.Release|x64.Build.0 = Release|x64
		{357DD70E-D91F-422B-AC43-84A9AFE0130A}.Release|x86.ActiveCfg = Release|x86
		{357DD70E-D91F-422B-AC43-84A9AFE0130A}.Release|x86.Build.0 = Release|x86
		{B58AFA56-CAAF-4377-A85F-215BA36ED1AA}.Ad-Hoc|Any CPU.ActiveCfg = Release|Any CPU
		{B58AFA56-CAAF-4377-A85F-215BA36ED1AA}.Ad-Hoc|Any CPU.Build.0 = Release|Any CPU
		{B58AFA56-CAAF-4377-A85F-215BA36ED1AA}.Ad-Hoc|ARM.ActiveCfg = Release|Any CPU
		{B58AFA56-CAAF-4377-A85F-215BA36ED1AA}.Ad-Hoc|ARM.Build.0 = Release|Any CPU
		{B58AFA56-CAAF-4377-A85F-215BA36ED1AA}.Ad-Hoc|iPhone.ActiveCfg = Release|Any CPU
		{B58AFA56-CAAF-4377-A85F-215BA36ED1AA}.Ad-Hoc|iPhone.Build.0 = Release|Any CPU
		{B58AFA56-CAAF-4377-A85F-215BA36ED1AA}.Ad-Hoc|iPhoneSimulator.ActiveCfg = Release|Any CPU
		{B58AFA56-CAAF-4377-A85F-215BA36ED1AA}.Ad-Hoc|iPhoneSimulator.Build.0 = Release|Any CPU
		{B58AFA56-CAAF-4377-A85F-215BA36ED1AA}.Ad-Hoc|x64.ActiveCfg = Release|Any CPU
		{B58AFA56-CAAF-4377-A85F-215BA36ED1AA}.Ad-Hoc|x64.Build.0 = Release|Any CPU
		{B58AFA56-CAAF-4377-A85F-215BA36ED1AA}.Ad-Hoc|x86.ActiveCfg = Release|Any CPU
		{B58AFA56-CAAF-4377-A85F-215BA36ED1AA}.Ad-Hoc|x86.Build.0 = Release|Any CPU
		{B58AFA56-CAAF-4377-A85F-215BA36ED1AA}.AppStore|Any CPU.ActiveCfg = Release|Any CPU
		{B58AFA56-CAAF-4377-A85F-215BA36ED1AA}.AppStore|Any CPU.Build.0 = Release|Any CPU
		{B58AFA56-CAAF-4377-A85F-215BA36ED1AA}.AppStore|ARM.ActiveCfg = Release|Any CPU
		{B58AFA56-CAAF-4377-A85F-215BA36ED1AA}.AppStore|ARM.Build.0 = Release|Any CPU
		{B58AFA56-CAAF-4377-A85F-215BA36ED1AA}.AppStore|iPhone.ActiveCfg = Release|Any CPU
		{B58AFA56-CAAF-4377-A85F-215BA36ED1AA}.AppStore|iPhone.Build.0 = Release|Any CPU
		{B58AFA56-CAAF-4377-A85F-215BA36ED1AA}.AppStore|iPhoneSimulator.ActiveCfg = Release|Any CPU
		{B58AFA56-CAAF-4377-A85F-215BA36ED1AA}.AppStore|iPhoneSimulator.Build.0 = Release|Any CPU
		{B58AFA56-CAAF-4377-A85F-215BA36ED1AA}.AppStore|x64.ActiveCfg = Release|Any CPU
		{B58AFA56-CAAF-4377-A85F-215BA36ED1AA}.AppStore|x64.Build.0 = Release|Any CPU
		{B58AFA56-CAAF-4377-A85F-215BA36ED1AA}.AppStore|x86.ActiveCfg = Release|Any CPU
		{B58AFA56-CAAF-4377-A85F-215BA36ED1AA}.AppStore|x86.Build.0 = Release|Any CPU
		{B58AFA56-CAAF-4377-A85F-215BA36ED1AA}.Debug|Any CPU.ActiveCfg = Debug|Any CPU
		{B58AFA56-CAAF-4377-A85F-215BA36ED1AA}.Debug|ARM.ActiveCfg = Debug|Any CPU
		{B58AFA56-CAAF-4377-A85F-215BA36ED1AA}.Debug|ARM.Build.0 = Debug|Any CPU
		{B58AFA56-CAAF-4377-A85F-215BA36ED1AA}.Debug|iPhone.ActiveCfg = Debug|Any CPU
		{B58AFA56-CAAF-4377-A85F-215BA36ED1AA}.Debug|iPhone.Build.0 = Debug|Any CPU
		{B58AFA56-CAAF-4377-A85F-215BA36ED1AA}.Debug|iPhoneSimulator.ActiveCfg = Debug|Any CPU
		{B58AFA56-CAAF-4377-A85F-215BA36ED1AA}.Debug|iPhoneSimulator.Build.0 = Debug|Any CPU
		{B58AFA56-CAAF-4377-A85F-215BA36ED1AA}.Debug|x64.ActiveCfg = Debug|Any CPU
		{B58AFA56-CAAF-4377-A85F-215BA36ED1AA}.Debug|x64.Build.0 = Debug|Any CPU
		{B58AFA56-CAAF-4377-A85F-215BA36ED1AA}.Debug|x86.ActiveCfg = Debug|Any CPU
		{B58AFA56-CAAF-4377-A85F-215BA36ED1AA}.Debug|x86.Build.0 = Debug|Any CPU
		{B58AFA56-CAAF-4377-A85F-215BA36ED1AA}.Release|Any CPU.ActiveCfg = Release|Any CPU
		{B58AFA56-CAAF-4377-A85F-215BA36ED1AA}.Release|Any CPU.Build.0 = Release|Any CPU
		{B58AFA56-CAAF-4377-A85F-215BA36ED1AA}.Release|ARM.ActiveCfg = Release|Any CPU
		{B58AFA56-CAAF-4377-A85F-215BA36ED1AA}.Release|ARM.Build.0 = Release|Any CPU
		{B58AFA56-CAAF-4377-A85F-215BA36ED1AA}.Release|iPhone.ActiveCfg = Release|Any CPU
		{B58AFA56-CAAF-4377-A85F-215BA36ED1AA}.Release|iPhone.Build.0 = Release|Any CPU
		{B58AFA56-CAAF-4377-A85F-215BA36ED1AA}.Release|iPhoneSimulator.ActiveCfg = Release|Any CPU
		{B58AFA56-CAAF-4377-A85F-215BA36ED1AA}.Release|iPhoneSimulator.Build.0 = Release|Any CPU
		{B58AFA56-CAAF-4377-A85F-215BA36ED1AA}.Release|x64.ActiveCfg = Release|Any CPU
		{B58AFA56-CAAF-4377-A85F-215BA36ED1AA}.Release|x64.Build.0 = Release|Any CPU
		{B58AFA56-CAAF-4377-A85F-215BA36ED1AA}.Release|x86.ActiveCfg = Release|Any CPU
		{B58AFA56-CAAF-4377-A85F-215BA36ED1AA}.Release|x86.Build.0 = Release|Any CPU
		{C5C64F7E-6412-4A27-84FB-9A70EDFEB768}.Ad-Hoc|Any CPU.ActiveCfg = Release|Any CPU
		{C5C64F7E-6412-4A27-84FB-9A70EDFEB768}.Ad-Hoc|Any CPU.Build.0 = Release|Any CPU
		{C5C64F7E-6412-4A27-84FB-9A70EDFEB768}.Ad-Hoc|ARM.ActiveCfg = Release|Any CPU
		{C5C64F7E-6412-4A27-84FB-9A70EDFEB768}.Ad-Hoc|ARM.Build.0 = Release|Any CPU
		{C5C64F7E-6412-4A27-84FB-9A70EDFEB768}.Ad-Hoc|iPhone.ActiveCfg = Release|Any CPU
		{C5C64F7E-6412-4A27-84FB-9A70EDFEB768}.Ad-Hoc|iPhone.Build.0 = Release|Any CPU
		{C5C64F7E-6412-4A27-84FB-9A70EDFEB768}.Ad-Hoc|iPhoneSimulator.ActiveCfg = Release|Any CPU
		{C5C64F7E-6412-4A27-84FB-9A70EDFEB768}.Ad-Hoc|iPhoneSimulator.Build.0 = Release|Any CPU
		{C5C64F7E-6412-4A27-84FB-9A70EDFEB768}.Ad-Hoc|x64.ActiveCfg = Release|Any CPU
		{C5C64F7E-6412-4A27-84FB-9A70EDFEB768}.Ad-Hoc|x64.Build.0 = Release|Any CPU
		{C5C64F7E-6412-4A27-84FB-9A70EDFEB768}.Ad-Hoc|x86.ActiveCfg = Release|Any CPU
		{C5C64F7E-6412-4A27-84FB-9A70EDFEB768}.Ad-Hoc|x86.Build.0 = Release|Any CPU
		{C5C64F7E-6412-4A27-84FB-9A70EDFEB768}.AppStore|Any CPU.ActiveCfg = Release|Any CPU
		{C5C64F7E-6412-4A27-84FB-9A70EDFEB768}.AppStore|Any CPU.Build.0 = Release|Any CPU
		{C5C64F7E-6412-4A27-84FB-9A70EDFEB768}.AppStore|ARM.ActiveCfg = Release|Any CPU
		{C5C64F7E-6412-4A27-84FB-9A70EDFEB768}.AppStore|ARM.Build.0 = Release|Any CPU
		{C5C64F7E-6412-4A27-84FB-9A70EDFEB768}.AppStore|iPhone.ActiveCfg = Release|Any CPU
		{C5C64F7E-6412-4A27-84FB-9A70EDFEB768}.AppStore|iPhone.Build.0 = Release|Any CPU
		{C5C64F7E-6412-4A27-84FB-9A70EDFEB768}.AppStore|iPhoneSimulator.ActiveCfg = Release|Any CPU
		{C5C64F7E-6412-4A27-84FB-9A70EDFEB768}.AppStore|iPhoneSimulator.Build.0 = Release|Any CPU
		{C5C64F7E-6412-4A27-84FB-9A70EDFEB768}.AppStore|x64.ActiveCfg = Release|Any CPU
		{C5C64F7E-6412-4A27-84FB-9A70EDFEB768}.AppStore|x64.Build.0 = Release|Any CPU
		{C5C64F7E-6412-4A27-84FB-9A70EDFEB768}.AppStore|x86.ActiveCfg = Release|Any CPU
		{C5C64F7E-6412-4A27-84FB-9A70EDFEB768}.AppStore|x86.Build.0 = Release|Any CPU
		{C5C64F7E-6412-4A27-84FB-9A70EDFEB768}.Debug|Any CPU.ActiveCfg = Debug|Any CPU
		{C5C64F7E-6412-4A27-84FB-9A70EDFEB768}.Debug|ARM.ActiveCfg = Debug|Any CPU
		{C5C64F7E-6412-4A27-84FB-9A70EDFEB768}.Debug|ARM.Build.0 = Debug|Any CPU
		{C5C64F7E-6412-4A27-84FB-9A70EDFEB768}.Debug|iPhone.ActiveCfg = Debug|Any CPU
		{C5C64F7E-6412-4A27-84FB-9A70EDFEB768}.Debug|iPhone.Build.0 = Debug|Any CPU
		{C5C64F7E-6412-4A27-84FB-9A70EDFEB768}.Debug|iPhoneSimulator.ActiveCfg = Debug|Any CPU
		{C5C64F7E-6412-4A27-84FB-9A70EDFEB768}.Debug|iPhoneSimulator.Build.0 = Debug|Any CPU
		{C5C64F7E-6412-4A27-84FB-9A70EDFEB768}.Debug|x64.ActiveCfg = Debug|Any CPU
		{C5C64F7E-6412-4A27-84FB-9A70EDFEB768}.Debug|x64.Build.0 = Debug|Any CPU
		{C5C64F7E-6412-4A27-84FB-9A70EDFEB768}.Debug|x86.ActiveCfg = Debug|Any CPU
		{C5C64F7E-6412-4A27-84FB-9A70EDFEB768}.Debug|x86.Build.0 = Debug|Any CPU
		{C5C64F7E-6412-4A27-84FB-9A70EDFEB768}.Release|Any CPU.ActiveCfg = Release|Any CPU
		{C5C64F7E-6412-4A27-84FB-9A70EDFEB768}.Release|Any CPU.Build.0 = Release|Any CPU
		{C5C64F7E-6412-4A27-84FB-9A70EDFEB768}.Release|ARM.ActiveCfg = Release|Any CPU
		{C5C64F7E-6412-4A27-84FB-9A70EDFEB768}.Release|ARM.Build.0 = Release|Any CPU
		{C5C64F7E-6412-4A27-84FB-9A70EDFEB768}.Release|iPhone.ActiveCfg = Release|Any CPU
		{C5C64F7E-6412-4A27-84FB-9A70EDFEB768}.Release|iPhone.Build.0 = Release|Any CPU
		{C5C64F7E-6412-4A27-84FB-9A70EDFEB768}.Release|iPhoneSimulator.ActiveCfg = Release|Any CPU
		{C5C64F7E-6412-4A27-84FB-9A70EDFEB768}.Release|iPhoneSimulator.Build.0 = Release|Any CPU
		{C5C64F7E-6412-4A27-84FB-9A70EDFEB768}.Release|x64.ActiveCfg = Release|Any CPU
		{C5C64F7E-6412-4A27-84FB-9A70EDFEB768}.Release|x64.Build.0 = Release|Any CPU
		{C5C64F7E-6412-4A27-84FB-9A70EDFEB768}.Release|x86.ActiveCfg = Release|Any CPU
		{C5C64F7E-6412-4A27-84FB-9A70EDFEB768}.Release|x86.Build.0 = Release|Any CPU
		{74459F54-B881-45CC-8DD3-C219A30272A8}.Ad-Hoc|Any CPU.ActiveCfg = Release|Any CPU
		{74459F54-B881-45CC-8DD3-C219A30272A8}.Ad-Hoc|Any CPU.Build.0 = Release|Any CPU
		{74459F54-B881-45CC-8DD3-C219A30272A8}.Ad-Hoc|ARM.ActiveCfg = Release|Any CPU
		{74459F54-B881-45CC-8DD3-C219A30272A8}.Ad-Hoc|ARM.Build.0 = Release|Any CPU
		{74459F54-B881-45CC-8DD3-C219A30272A8}.Ad-Hoc|iPhone.ActiveCfg = Release|Any CPU
		{74459F54-B881-45CC-8DD3-C219A30272A8}.Ad-Hoc|iPhone.Build.0 = Release|Any CPU
		{74459F54-B881-45CC-8DD3-C219A30272A8}.Ad-Hoc|iPhoneSimulator.ActiveCfg = Release|Any CPU
		{74459F54-B881-45CC-8DD3-C219A30272A8}.Ad-Hoc|iPhoneSimulator.Build.0 = Release|Any CPU
		{74459F54-B881-45CC-8DD3-C219A30272A8}.Ad-Hoc|x64.ActiveCfg = Release|Any CPU
		{74459F54-B881-45CC-8DD3-C219A30272A8}.Ad-Hoc|x64.Build.0 = Release|Any CPU
		{74459F54-B881-45CC-8DD3-C219A30272A8}.Ad-Hoc|x86.ActiveCfg = Release|Any CPU
		{74459F54-B881-45CC-8DD3-C219A30272A8}.Ad-Hoc|x86.Build.0 = Release|Any CPU
		{74459F54-B881-45CC-8DD3-C219A30272A8}.AppStore|Any CPU.ActiveCfg = Release|Any CPU
		{74459F54-B881-45CC-8DD3-C219A30272A8}.AppStore|Any CPU.Build.0 = Release|Any CPU
		{74459F54-B881-45CC-8DD3-C219A30272A8}.AppStore|ARM.ActiveCfg = Release|Any CPU
		{74459F54-B881-45CC-8DD3-C219A30272A8}.AppStore|ARM.Build.0 = Release|Any CPU
		{74459F54-B881-45CC-8DD3-C219A30272A8}.AppStore|iPhone.ActiveCfg = Release|Any CPU
		{74459F54-B881-45CC-8DD3-C219A30272A8}.AppStore|iPhone.Build.0 = Release|Any CPU
		{74459F54-B881-45CC-8DD3-C219A30272A8}.AppStore|iPhoneSimulator.ActiveCfg = Release|Any CPU
		{74459F54-B881-45CC-8DD3-C219A30272A8}.AppStore|iPhoneSimulator.Build.0 = Release|Any CPU
		{74459F54-B881-45CC-8DD3-C219A30272A8}.AppStore|x64.ActiveCfg = Release|Any CPU
		{74459F54-B881-45CC-8DD3-C219A30272A8}.AppStore|x64.Build.0 = Release|Any CPU
		{74459F54-B881-45CC-8DD3-C219A30272A8}.AppStore|x86.ActiveCfg = Release|Any CPU
		{74459F54-B881-45CC-8DD3-C219A30272A8}.AppStore|x86.Build.0 = Release|Any CPU
		{74459F54-B881-45CC-8DD3-C219A30272A8}.Debug|Any CPU.ActiveCfg = Debug|Any CPU
		{74459F54-B881-45CC-8DD3-C219A30272A8}.Debug|ARM.ActiveCfg = Debug|Any CPU
		{74459F54-B881-45CC-8DD3-C219A30272A8}.Debug|ARM.Build.0 = Debug|Any CPU
		{74459F54-B881-45CC-8DD3-C219A30272A8}.Debug|iPhone.ActiveCfg = Debug|Any CPU
		{74459F54-B881-45CC-8DD3-C219A30272A8}.Debug|iPhone.Build.0 = Debug|Any CPU
		{74459F54-B881-45CC-8DD3-C219A30272A8}.Debug|iPhoneSimulator.ActiveCfg = Debug|Any CPU
		{74459F54-B881-45CC-8DD3-C219A30272A8}.Debug|iPhoneSimulator.Build.0 = Debug|Any CPU
		{74459F54-B881-45CC-8DD3-C219A30272A8}.Debug|x64.ActiveCfg = Debug|Any CPU
		{74459F54-B881-45CC-8DD3-C219A30272A8}.Debug|x64.Build.0 = Debug|Any CPU
		{74459F54-B881-45CC-8DD3-C219A30272A8}.Debug|x86.ActiveCfg = Debug|Any CPU
		{74459F54-B881-45CC-8DD3-C219A30272A8}.Debug|x86.Build.0 = Debug|Any CPU
		{74459F54-B881-45CC-8DD3-C219A30272A8}.Release|Any CPU.ActiveCfg = Release|Any CPU
		{74459F54-B881-45CC-8DD3-C219A30272A8}.Release|Any CPU.Build.0 = Release|Any CPU
		{74459F54-B881-45CC-8DD3-C219A30272A8}.Release|ARM.ActiveCfg = Release|Any CPU
		{74459F54-B881-45CC-8DD3-C219A30272A8}.Release|ARM.Build.0 = Release|Any CPU
		{74459F54-B881-45CC-8DD3-C219A30272A8}.Release|iPhone.ActiveCfg = Release|Any CPU
		{74459F54-B881-45CC-8DD3-C219A30272A8}.Release|iPhone.Build.0 = Release|Any CPU
		{74459F54-B881-45CC-8DD3-C219A30272A8}.Release|iPhoneSimulator.ActiveCfg = Release|Any CPU
		{74459F54-B881-45CC-8DD3-C219A30272A8}.Release|iPhoneSimulator.Build.0 = Release|Any CPU
		{74459F54-B881-45CC-8DD3-C219A30272A8}.Release|x64.ActiveCfg = Release|Any CPU
		{74459F54-B881-45CC-8DD3-C219A30272A8}.Release|x64.Build.0 = Release|Any CPU
		{74459F54-B881-45CC-8DD3-C219A30272A8}.Release|x86.ActiveCfg = Release|Any CPU
		{74459F54-B881-45CC-8DD3-C219A30272A8}.Release|x86.Build.0 = Release|Any CPU
	EndGlobalSection
	GlobalSection(SolutionProperties) = preSolution
		HideSolutionNode = FALSE
	EndGlobalSection
	GlobalSection(NestedProjects) = preSolution
		{B987D038-0F14-45FC-9538-D5A95CBF90F6} = {35C546F9-26F5-48F6-BCBF-CCFB4711D301}
		{6E74314E-4325-4550-B3E3-68DCF3AE72FE} = {35C546F9-26F5-48F6-BCBF-CCFB4711D301}
		{80E54895-00A2-47CB-ADFA-2137505D7877} = {35C546F9-26F5-48F6-BCBF-CCFB4711D301}
		{357DD70E-D91F-422B-AC43-84A9AFE0130A} = {35C546F9-26F5-48F6-BCBF-CCFB4711D301}
		{B58AFA56-CAAF-4377-A85F-215BA36ED1AA} = {35C546F9-26F5-48F6-BCBF-CCFB4711D301}
		{C5C64F7E-6412-4A27-84FB-9A70EDFEB768} = {35C546F9-26F5-48F6-BCBF-CCFB4711D301}
	EndGlobalSection
	GlobalSection(ExtensibilityGlobals) = postSolution
		SolutionGuid = {E313BB9A-AAED-4637-BA9B-B0FC6A1EBCDE}
	EndGlobalSection
EndGlobal
